
Microsoft Visual Studio Solution File, Format Version 12.00
# Visual Studio Version 17
VisualStudioVersion = 17.7.34009.444
MinimumVisualStudioVersion = 10.0.40219.1
Project("{FAE04EC0-301F-11D3-BF4B-00C04F79EFBC}") = "NetFlask.Web", "NetFlask.Web\NetFlask.Web.csproj", "{31026329-D7CA-44EB-A5C8-D66D71793099}"
EndProject
Global
	GlobalSection(SolutionConfigurationPlatforms) = preSolution
		Debug|Any CPU = Debug|Any CPU
		Release|Any CPU = Release|Any CPU
	EndGlobalSection
	GlobalSection(ProjectConfigurationPlatforms) = postSolution
		{31026329-D7CA-44EB-A5C8-D66D71793099}.Debug|Any CPU.ActiveCfg = Debug|Any CPU
		{31026329-D7CA-44EB-A5C8-D66D71793099}.Debug|Any CPU.Build.0 = Debug|Any CPU
		{31026329-D7CA-44EB-A5C8-D66D71793099}.Release|Any CPU.ActiveCfg = Release|Any CPU
		{31026329-D7CA-44EB-A5C8-D66D71793099}.Release|Any CPU.Build.0 = Release|Any CPU
	EndGlobalSection
	GlobalSection(SolutionProperties) = preSolution
		HideSolutionNode = FALSE
	EndGlobalSection
	GlobalSection(ExtensibilityGlobals) = postSolution
		SolutionGuid = {032656E8-FCDA-4BFA-970F-A467662332C8}
	EndGlobalSection
EndGlobal
